// !$*UTF8*$!
{
	archiveVersion = 1;
	classes = {
	};
	objectVersion = 46;
	objects = {

/* Begin PBXBuildFile section */
		BFE1F9FF1CCEC29600A21F6C /* AppDelegate.swift in Sources */ = {isa = PBXBuildFile; fileRef = BFE1F9FE1CCEC29600A21F6C /* AppDelegate.swift */; };
		BFE1FA011CCEC29600A21F6C /* ViewController.swift in Sources */ = {isa = PBXBuildFile; fileRef = BFE1FA001CCEC29600A21F6C /* ViewController.swift */; };
		BFE1FA041CCEC29600A21F6C /* Main.storyboard in Resources */ = {isa = PBXBuildFile; fileRef = BFE1FA021CCEC29600A21F6C /* Main.storyboard */; };
		BFE1FA061CCEC29600A21F6C /* Assets.xcassets in Resources */ = {isa = PBXBuildFile; fileRef = BFE1FA051CCEC29600A21F6C /* Assets.xcassets */; };
		BFE1FA091CCEC29600A21F6C /* LaunchScreen.storyboard in Resources */ = {isa = PBXBuildFile; fileRef = BFE1FA071CCEC29600A21F6C /* LaunchScreen.storyboard */; };
		BFE1FA141CCEC29600A21F6C /* SwiftSampleTests.swift in Sources */ = {isa = PBXBuildFile; fileRef = BFE1FA131CCEC29600A21F6C /* SwiftSampleTests.swift */; };
		BFE1FA1F1CCEC29600A21F6C /* SwiftSampleUITests.swift in Sources */ = {isa = PBXBuildFile; fileRef = BFE1FA1E1CCEC29600A21F6C /* SwiftSampleUITests.swift */; };
/* End PBXBuildFile section */

/* Begin PBXContainerItemProxy section */
		BFE1FA101CCEC29600A21F6C /* PBXContainerItemProxy */ = {
			isa = PBXContainerItemProxy;
			containerPortal = BFE1F9F31CCEC29600A21F6C /* Project object */;
			proxyType = 1;
			remoteGlobalIDString = BFE1F9FA1CCEC29600A21F6C;
			remoteInfo = SwiftSample;
		};
		BFE1FA1B1CCEC29600A21F6C /* PBXContainerItemProxy */ = {
			isa = PBXContainerItemProxy;
			containerPortal = BFE1F9F31CCEC29600A21F6C /* Project object */;
			proxyType = 1;
			remoteGlobalIDString = BFE1F9FA1CCEC29600A21F6C;
			remoteInfo = SwiftSample;
		};
/* End PBXContainerItemProxy section */

/* Begin PBXFileReference section */
		BFE1F9FB1CCEC29600A21F6C /* SwiftSample.app */ = {isa = PBXFileReference; explicitFileType = wrapper.application; includeInIndex = 0; path = SwiftSample.app; sourceTree = BUILT_PRODUCTS_DIR; };
		BFE1F9FE1CCEC29600A21F6C /* AppDelegate.swift */ = {isa = PBXFileReference; lastKnownFileType = sourcecode.swift; path = AppDelegate.swift; sourceTree = "<group>"; };
		BFE1FA001CCEC29600A21F6C /* ViewController.swift */ = {isa = PBXFileReference; lastKnownFileType = sourcecode.swift; path = ViewController.swift; sourceTree = "<group>"; };
		BFE1FA031CCEC29600A21F6C /* Base */ = {isa = PBXFileReference; lastKnownFileType = file.storyboard; name = Base; path = Base.lproj/Main.storyboard; sourceTree = "<group>"; };
		BFE1FA051CCEC29600A21F6C /* Assets.xcassets */ = {isa = PBXFileReference; lastKnownFileType = folder.assetcatalog; path = Assets.xcassets; sourceTree = "<group>"; };
		BFE1FA081CCEC29600A21F6C /* Base */ = {isa = PBXFileReference; lastKnownFileType = file.storyboard; name = Base; path = Base.lproj/LaunchScreen.storyboard; sourceTree = "<group>"; };
		BFE1FA0A1CCEC29600A21F6C /* Info.plist */ = {isa = PBXFileReference; lastKnownFileType = text.plist.xml; path = Info.plist; sourceTree = "<group>"; };
		BFE1FA0F1CCEC29600A21F6C /* SwiftSampleTests.xctest */ = {isa = PBXFileReference; explicitFileType = wrapper.cfbundle; includeInIndex = 0; path = SwiftSampleTests.xctest; sourceTree = BUILT_PRODUCTS_DIR; };
		BFE1FA131CCEC29600A21F6C /* SwiftSampleTests.swift */ = {isa = PBXFileReference; lastKnownFileType = sourcecode.swift; path = SwiftSampleTests.swift; sourceTree = "<group>"; };
		BFE1FA151CCEC29600A21F6C /* Info.plist */ = {isa = PBXFileReference; lastKnownFileType = text.plist.xml; path = Info.plist; sourceTree = "<group>"; };
		BFE1FA1A1CCEC29600A21F6C /* SwiftSampleUITests.xctest */ = {isa = PBXFileReference; explicitFileType = wrapper.cfbundle; includeInIndex = 0; path = SwiftSampleUITests.xctest; sourceTree = BUILT_PRODUCTS_DIR; };
		BFE1FA1E1CCEC29600A21F6C /* SwiftSampleUITests.swift */ = {isa = PBXFileReference; lastKnownFileType = sourcecode.swift; path = SwiftSampleUITests.swift; sourceTree = "<group>"; };
		BFE1FA201CCEC29600A21F6C /* Info.plist */ = {isa = PBXFileReference; lastKnownFileType = text.plist.xml; path = Info.plist; sourceTree = "<group>"; };
/* End PBXFileReference section */

/* Begin PBXFrameworksBuildPhase section */
		BFE1F9F81CCEC29600A21F6C /* Frameworks */ = {
			isa = PBXFrameworksBuildPhase;
			buildActionMask = 2147483647;
			files = (
			);
			runOnlyForDeploymentPostprocessing = 0;
		};
		BFE1FA0C1CCEC29600A21F6C /* Frameworks */ = {
			isa = PBXFrameworksBuildPhase;
			buildActionMask = 2147483647;
			files = (
			);
			runOnlyForDeploymentPostprocessing = 0;
		};
		BFE1FA171CCEC29600A21F6C /* Frameworks */ = {
			isa = PBXFrameworksBuildPhase;
			buildActionMask = 2147483647;
			files = (
			);
			runOnlyForDeploymentPostprocessing = 0;
		};
/* End PBXFrameworksBuildPhase section */

/* Begin PBXGroup section */
		BFE1F9F21CCEC29600A21F6C = {
			isa = PBXGroup;
			children = (
				BFE1F9FD1CCEC29600A21F6C /* SwiftSample */,
				BFE1FA121CCEC29600A21F6C /* SwiftSampleTests */,
				BFE1FA1D1CCEC29600A21F6C /* SwiftSampleUITests */,
				BFE1F9FC1CCEC29600A21F6C /* Products */,
			);
			sourceTree = "<group>";
		};
		BFE1F9FC1CCEC29600A21F6C /* Products */ = {
			isa = PBXGroup;
			children = (
				BFE1F9FB1CCEC29600A21F6C /* SwiftSample.app */,
				BFE1FA0F1CCEC29600A21F6C /* SwiftSampleTests.xctest */,
				BFE1FA1A1CCEC29600A21F6C /* SwiftSampleUITests.xctest */,
			);
			name = Products;
			sourceTree = "<group>";
		};
		BFE1F9FD1CCEC29600A21F6C /* SwiftSample */ = {
			isa = PBXGroup;
			children = (
				BFE1F9FE1CCEC29600A21F6C /* AppDelegate.swift */,
				BFE1FA001CCEC29600A21F6C /* ViewController.swift */,
				BFE1FA021CCEC29600A21F6C /* Main.storyboard */,
				BFE1FA051CCEC29600A21F6C /* Assets.xcassets */,
				BFE1FA071CCEC29600A21F6C /* LaunchScreen.storyboard */,
				BFE1FA0A1CCEC29600A21F6C /* Info.plist */,
			);
			path = SwiftSample;
			sourceTree = "<group>";
		};
		BFE1FA121CCEC29600A21F6C /* SwiftSampleTests */ = {
			isa = PBXGroup;
			children = (
				BFE1FA131CCEC29600A21F6C /* SwiftSampleTests.swift */,
				BFE1FA151CCEC29600A21F6C /* Info.plist */,
			);
			path = SwiftSampleTests;
			sourceTree = "<group>";
		};
		BFE1FA1D1CCEC29600A21F6C /* SwiftSampleUITests */ = {
			isa = PBXGroup;
			children = (
				BFE1FA1E1CCEC29600A21F6C /* SwiftSampleUITests.swift */,
				BFE1FA201CCEC29600A21F6C /* Info.plist */,
			);
			path = SwiftSampleUITests;
			sourceTree = "<group>";
		};
/* End PBXGroup section */

/* Begin PBXNativeTarget section */
		BFE1F9FA1CCEC29600A21F6C /* SwiftSample */ = {
			isa = PBXNativeTarget;
			buildConfigurationList = BFE1FA231CCEC29600A21F6C /* Build configuration list for PBXNativeTarget "SwiftSample" */;
			buildPhases = (
				BFE1F9F71CCEC29600A21F6C /* Sources */,
				BFE1F9F81CCEC29600A21F6C /* Frameworks */,
				BFE1F9F91CCEC29600A21F6C /* Resources */,
			);
			buildRules = (
			);
			dependencies = (
			);
			name = SwiftSample;
			productName = SwiftSample;
			productReference = BFE1F9FB1CCEC29600A21F6C /* SwiftSample.app */;
			productType = "com.apple.product-type.application";
		};
		BFE1FA0E1CCEC29600A21F6C /* SwiftSampleTests */ = {
			isa = PBXNativeTarget;
			buildConfigurationList = BFE1FA261CCEC29600A21F6C /* Build configuration list for PBXNativeTarget "SwiftSampleTests" */;
			buildPhases = (
				BFE1FA0B1CCEC29600A21F6C /* Sources */,
				BFE1FA0C1CCEC29600A21F6C /* Frameworks */,
				BFE1FA0D1CCEC29600A21F6C /* Resources */,
			);
			buildRules = (
			);
			dependencies = (
				BFE1FA111CCEC29600A21F6C /* PBXTargetDependency */,
			);
			name = SwiftSampleTests;
			productName = SwiftSampleTests;
			productReference = BFE1FA0F1CCEC29600A21F6C /* SwiftSampleTests.xctest */;
			productType = "com.apple.product-type.bundle.unit-test";
		};
		BFE1FA191CCEC29600A21F6C /* SwiftSampleUITests */ = {
			isa = PBXNativeTarget;
			buildConfigurationList = BFE1FA291CCEC29600A21F6C /* Build configuration list for PBXNativeTarget "SwiftSampleUITests" */;
			buildPhases = (
				BFE1FA161CCEC29600A21F6C /* Sources */,
				BFE1FA171CCEC29600A21F6C /* Frameworks */,
				BFE1FA181CCEC29600A21F6C /* Resources */,
			);
			buildRules = (
			);
			dependencies = (
				BFE1FA1C1CCEC29600A21F6C /* PBXTargetDependency */,
			);
			name = SwiftSampleUITests;
			productName = SwiftSampleUITests;
			productReference = BFE1FA1A1CCEC29600A21F6C /* SwiftSampleUITests.xctest */;
			productType = "com.apple.product-type.bundle.ui-testing";
		};
/* End PBXNativeTarget section */

/* Begin PBXProject section */
		BFE1F9F31CCEC29600A21F6C /* Project object */ = {
			isa = PBXProject;
			attributes = {
				LastSwiftUpdateCheck = 0730;
				LastUpgradeCheck = 0730;
				ORGANIZATIONNAME = "Jun Takahashi";
				TargetAttributes = {
					BFE1F9FA1CCEC29600A21F6C = {
						CreatedOnToolsVersion = 7.3;
					};
					BFE1FA0E1CCEC29600A21F6C = {
						CreatedOnToolsVersion = 7.3;
						TestTargetID = BFE1F9FA1CCEC29600A21F6C;
					};
					BFE1FA191CCEC29600A21F6C = {
						CreatedOnToolsVersion = 7.3;
						TestTargetID = BFE1F9FA1CCEC29600A21F6C;
					};
				};
			};
			buildConfigurationList = BFE1F9F61CCEC29600A21F6C /* Build configuration list for PBXProject "SwiftSample" */;
			compatibilityVersion = "Xcode 3.2";
			developmentRegion = English;
			hasScannedForEncodings = 0;
			knownRegions = (
				en,
				Base,
			);
			mainGroup = BFE1F9F21CCEC29600A21F6C;
			productRefGroup = BFE1F9FC1CCEC29600A21F6C /* Products */;
			projectDirPath = "";
			projectRoot = "";
			targets = (
				BFE1F9FA1CCEC29600A21F6C /* SwiftSample */,
				BFE1FA0E1CCEC29600A21F6C /* SwiftSampleTests */,
				BFE1FA191CCEC29600A21F6C /* SwiftSampleUITests */,
			);
		};
/* End PBXProject section */

/* Begin PBXResourcesBuildPhase section */
		BFE1F9F91CCEC29600A21F6C /* Resources */ = {
			isa = PBXResourcesBuildPhase;
			buildActionMask = 2147483647;
			files = (
				BFE1FA091CCEC29600A21F6C /* LaunchScreen.storyboard in Resources */,
				BFE1FA061CCEC29600A21F6C /* Assets.xcassets in Resources */,
				BFE1FA041CCEC29600A21F6C /* Main.storyboard in Resources */,
			);
			runOnlyForDeploymentPostprocessing = 0;
		};
		BFE1FA0D1CCEC29600A21F6C /* Resources */ = {
			isa = PBXResourcesBuildPhase;
			buildActionMask = 2147483647;
			files = (
			);
			runOnlyForDeploymentPostprocessing = 0;
		};
		BFE1FA181CCEC29600A21F6C /* Resources */ = {
			isa = PBXResourcesBuildPhase;
			buildActionMask = 2147483647;
			files = (
			);
			runOnlyForDeploymentPostprocessing = 0;
		};
/* End PBXResourcesBuildPhase section */

/* Begin PBXSourcesBuildPhase section */
		BFE1F9F71CCEC29600A21F6C /* Sources */ = {
			isa = PBXSourcesBuildPhase;
			buildActionMask = 2147483647;
			files = (
				BFE1FA011CCEC29600A21F6C /* ViewController.swift in Sources */,
				BFE1F9FF1CCEC29600A21F6C /* AppDelegate.swift in Sources */,
			);
			runOnlyForDeploymentPostprocessing = 0;
		};
		BFE1FA0B1CCEC29600A21F6C /* Sources */ = {
			isa = PBXSourcesBuildPhase;
			buildActionMask = 2147483647;
			files = (
				BFE1FA141CCEC29600A21F6C /* SwiftSampleTests.swift in Sources */,
			);
			runOnlyForDeploymentPostprocessing = 0;
		};
		BFE1FA161CCEC29600A21F6C /* Sources */ = {
			isa = PBXSourcesBuildPhase;
			buildActionMask = 2147483647;
			files = (
				BFE1FA1F1CCEC29600A21F6C /* SwiftSampleUITests.swift in Sources */,
			);
			runOnlyForDeploymentPostprocessing = 0;
		};
/* End PBXSourcesBuildPhase section */

/* Begin PBXTargetDependency section */
		BFE1FA111CCEC29600A21F6C /* PBXTargetDependency */ = {
			isa = PBXTargetDependency;
			target = BFE1F9FA1CCEC29600A21F6C /* SwiftSample */;
			targetProxy = BFE1FA101CCEC29600A21F6C /* PBXContainerItemProxy */;
		};
		BFE1FA1C1CCEC29600A21F6C /* PBXTargetDependency */ = {
			isa = PBXTargetDependency;
			target = BFE1F9FA1CCEC29600A21F6C /* SwiftSample */;
			targetProxy = BFE1FA1B1CCEC29600A21F6C /* PBXContainerItemProxy */;
		};
/* End PBXTargetDependency section */

/* Begin PBXVariantGroup section */
		BFE1FA021CCEC29600A21F6C /* Main.storyboard */ = {
			isa = PBXVariantGroup;
			children = (
				BFE1FA031CCEC29600A21F6C /* Base */,
			);
			name = Main.storyboard;
			sourceTree = "<group>";
		};
		BFE1FA071CCEC29600A21F6C /* LaunchScreen.storyboard */ = {
			isa = PBXVariantGroup;
			children = (
				BFE1FA081CCEC29600A21F6C /* Base */,
			);
			name = LaunchScreen.storyboard;
			sourceTree = "<group>";
		};
/* End PBXVariantGroup section */

/* Begin XCBuildConfiguration section */
		BFE1FA211CCEC29600A21F6C /* Debug */ = {
			isa = XCBuildConfiguration;
			buildSettings = {
				ALWAYS_SEARCH_USER_PATHS = NO;
				CLANG_ANALYZER_NONNULL = YES;
				CLANG_CXX_LANGUAGE_STANDARD = "gnu++0x";
				CLANG_CXX_LIBRARY = "libc++";
				CLANG_ENABLE_MODULES = YES;
				CLANG_ENABLE_OBJC_ARC = YES;
				CLANG_WARN_BOOL_CONVERSION = YES;
				CLANG_WARN_CONSTANT_CONVERSION = YES;
				CLANG_WARN_DIRECT_OBJC_ISA_USAGE = YES_ERROR;
				CLANG_WARN_EMPTY_BODY = YES;
				CLANG_WARN_ENUM_CONVERSION = YES;
				CLANG_WARN_INT_CONVERSION = YES;
				CLANG_WARN_OBJC_ROOT_CLASS = YES_ERROR;
				CLANG_WARN_UNREACHABLE_CODE = YES;
				CLANG_WARN__DUPLICATE_METHOD_MATCH = YES;
				"CODE_SIGN_IDENTITY[sdk=iphoneos*]" = "iPhone Developer";
				COPY_PHASE_STRIP = NO;
				DEBUG_INFORMATION_FORMAT = dwarf;
				ENABLE_STRICT_OBJC_MSGSEND = YES;
				ENABLE_TESTABILITY = YES;
				GCC_C_LANGUAGE_STANDARD = gnu99;
				GCC_DYNAMIC_NO_PIC = NO;
				GCC_NO_COMMON_BLOCKS = YES;
				GCC_OPTIMIZATION_LEVEL = 0;
				GCC_PREPROCESSOR_DEFINITIONS = (
					"DEBUG=1",
					"$(inherited)",
				);
				GCC_WARN_64_TO_32_BIT_CONVERSION = YES;
				GCC_WARN_ABOUT_RETURN_TYPE = YES_ERROR;
				GCC_WARN_UNDECLARED_SELECTOR = YES;
				GCC_WARN_UNINITIALIZED_AUTOS = YES_AGGRESSIVE;
				GCC_WARN_UNUSED_FUNCTION = YES;
				GCC_WARN_UNUSED_VARIABLE = YES;
				IPHONEOS_DEPLOYMENT_TARGET = 9.3;
				MTL_ENABLE_DEBUG_INFO = YES;
				ONLY_ACTIVE_ARCH = YES;
				SDKROOT = iphoneos;
				SWIFT_OPTIMIZATION_LEVEL = "-Onone";
			};
			name = Debug;
		};
		BFE1FA221CCEC29600A21F6C /* Release */ = {
			isa = XCBuildConfiguration;
			buildSettings = {
				ALWAYS_SEARCH_USER_PATHS = NO;
				CLANG_ANALYZER_NONNULL = YES;
				CLANG_CXX_LANGUAGE_STANDARD = "gnu++0x";
				CLANG_CXX_LIBRARY = "libc++";
				CLANG_ENABLE_MODULES = YES;
				CLANG_ENABLE_OBJC_ARC = YES;
				CLANG_WARN_BOOL_CONVERSION = YES;
				CLANG_WARN_CONSTANT_CONVERSION = YES;
				CLANG_WARN_DIRECT_OBJC_ISA_USAGE = YES_ERROR;
				CLANG_WARN_EMPTY_BODY = YES;
				CLANG_WARN_ENUM_CONVERSION = YES;
				CLANG_WARN_INT_CONVERSION = YES;
				CLANG_WARN_OBJC_ROOT_CLASS = YES_ERROR;
				CLANG_WARN_UNREACHABLE_CODE = YES;
				CLANG_WARN__DUPLICATE_METHOD_MATCH = YES;
				"CODE_SIGN_IDENTITY[sdk=iphoneos*]" = "iPhone Developer";
				COPY_PHASE_STRIP = NO;
				DEBUG_INFORMATION_FORMAT = "dwarf-with-dsym";
				ENABLE_NS_ASSERTIONS = NO;
				ENABLE_STRICT_OBJC_MSGSEND = YES;
				GCC_C_LANGUAGE_STANDARD = gnu99;
				GCC_NO_COMMON_BLOCKS = YES;
				GCC_WARN_64_TO_32_BIT_CONVERSION = YES;
				GCC_WARN_ABOUT_RETURN_TYPE = YES_ERROR;
				GCC_WARN_UNDECLARED_SELECTOR = YES;
				GCC_WARN_UNINITIALIZED_AUTOS = YES_AGGRESSIVE;
				GCC_WARN_UNUSED_FUNCTION = YES;
				GCC_WARN_UNUSED_VARIABLE = YES;
				IPHONEOS_DEPLOYMENT_TARGET = 9.3;
				MTL_ENABLE_DEBUG_INFO = NO;
				SDKROOT = iphoneos;
				VALIDATE_PRODUCT = YES;
			};
			name = Release;
		};
		BFE1FA241CCEC29600A21F6C /* Debug */ = {
			isa = XCBuildConfiguration;
			buildSettings = {
				ASSETCATALOG_COMPILER_APPICON_NAME = AppIcon;
				INFOPLIST_FILE = SwiftSample/Info.plist;
				LD_RUNPATH_SEARCH_PATHS = "$(inherited) @executable_path/Frameworks";
				PRODUCT_BUNDLE_IDENTIFIER = Simple.gadget.life.SwiftSample;
				PRODUCT_NAME = "$(TARGET_NAME)";
			};
			name = Debug;
		};
		BFE1FA251CCEC29600A21F6C /* Release */ = {
			isa = XCBuildConfiguration;
			buildSettings = {
				ASSETCATALOG_COMPILER_APPICON_NAME = AppIcon;
				INFOPLIST_FILE = SwiftSample/Info.plist;
				LD_RUNPATH_SEARCH_PATHS = "$(inherited) @executable_path/Frameworks";
				PRODUCT_BUNDLE_IDENTIFIER = Simple.gadget.life.SwiftSample;
				PRODUCT_NAME = "$(TARGET_NAME)";
			};
			name = Release;
		};
		BFE1FA271CCEC29600A21F6C /* Debug */ = {
			isa = XCBuildConfiguration;
			buildSettings = {
				BUNDLE_LOADER = "$(TEST_HOST)";
				INFOPLIST_FILE = SwiftSampleTests/Info.plist;
				LD_RUNPATH_SEARCH_PATHS = "$(inherited) @executable_path/Frameworks @loader_path/Frameworks";
				PRODUCT_BUNDLE_IDENTIFIER = Simple.gadget.life.SwiftSampleTests;
				PRODUCT_NAME = "$(TARGET_NAME)";
				TEST_HOST = "$(BUILT_PRODUCTS_DIR)/SwiftSample.app/SwiftSample";
			};
			name = Debug;
		};
		BFE1FA281CCEC29600A21F6C /* Release */ = {
			isa = XCBuildConfiguration;
			buildSettings = {
				BUNDLE_LOADER = "$(TEST_HOST)";
				INFOPLIST_FILE = SwiftSampleTests/Info.plist;
				LD_RUNPATH_SEARCH_PATHS = "$(inherited) @executable_path/Frameworks @loader_path/Frameworks";
				PRODUCT_BUNDLE_IDENTIFIER = Simple.gadget.life.SwiftSampleTests;
				PRODUCT_NAME = "$(TARGET_NAME)";
				TEST_HOST = "$(BUILT_PRODUCTS_DIR)/SwiftSample.app/SwiftSample";
			};
			name = Release;
		};
		BFE1FA2A1CCEC29600A21F6C /* Debug */ = {
			isa = XCBuildConfiguration;
			buildSettings = {
				INFOPLIST_FILE = SwiftSampleUITests/Info.plist;
				LD_RUNPATH_SEARCH_PATHS = "$(inherited) @executable_path/Frameworks @loader_path/Frameworks";
				PRODUCT_BUNDLE_IDENTIFIER = Simple.gadget.life.SwiftSampleUITests;
				PRODUCT_NAME = "$(TARGET_NAME)";
				TEST_TARGET_NAME = SwiftSample;
			};
			name = Debug;
		};
		BFE1FA2B1CCEC29600A21F6C /* Release */ = {
			isa = XCBuildConfiguration;
			buildSettings = {
				INFOPLIST_FILE = SwiftSampleUITests/Info.plist;
				LD_RUNPATH_SEARCH_PATHS = "$(inherited) @executable_path/Frameworks @loader_path/Frameworks";
				PRODUCT_BUNDLE_IDENTIFIER = Simple.gadget.life.SwiftSampleUITests;
				PRODUCT_NAME = "$(TARGET_NAME)";
				TEST_TARGET_NAME = SwiftSample;
			};
			name = Release;
		};
/* End XCBuildConfiguration section */

/* Begin XCConfigurationList section */
		BFE1F9F61CCEC29600A21F6C /* Build configuration list for PBXProject "SwiftSample" */ = {
			isa = XCConfigurationList;
			buildConfigurations = (
				BFE1FA211CCEC29600A21F6C /* Debug */,
				BFE1FA221CCEC29600A21F6C /* Release */,
			);
			defaultConfigurationIsVisible = 0;
			defaultConfigurationName = Release;
		};
		BFE1FA231CCEC29600A21F6C /* Build configuration list for PBXNativeTarget "SwiftSample" */ = {
			isa = XCConfigurationList;
			buildConfigurations = (
				BFE1FA241CCEC29600A21F6C /* Debug */,
				BFE1FA251CCEC29600A21F6C /* Release */,
			);
			defaultConfigurationIsVisible = 0;
		};
		BFE1FA261CCEC29600A21F6C /* Build configuration list for PBXNativeTarget "SwiftSampleTests" */ = {
			isa = XCConfigurationList;
			buildConfigurations = (
				BFE1FA271CCEC29600A21F6C /* Debug */,
				BFE1FA281CCEC29600A21F6C /* Release */,
			);
			defaultConfigurationIsVisible = 0;
		};
		BFE1FA291CCEC29600A21F6C /* Build configuration list for PBXNativeTarget "SwiftSampleUITests" */ = {
			isa = XCConfigurationList;
			buildConfigurations = (
				BFE1FA2A1CCEC29600A21F6C /* Debug */,
				BFE1FA2B1CCEC29600A21F6C /* Release */,
			);
			defaultConfigurationIsVisible = 0;
		};
/* End XCConfigurationList section */
	};
	rootObject = BFE1F9F31CCEC29600A21F6C /* Project object */;
}
